PODS:
  - SpreadsheetView (0.8.4)

DEPENDENCIES:
  - SpreadsheetView

SPEC REPOS:
  https://github.com/cocoapods/specs.git:
    - SpreadsheetView

SPEC CHECKSUMS:
  SpreadsheetView: 17c55b6dc82099993cc2ceb818248d19f3220998

PODFILE CHECKSUM: 03f825c9f5ee827832d4fb153fc7c6736e0fbd6f

COCOAPODS: 1.6.0.beta.1
